
Microsoft Visual Studio Solution File, Format Version 12.00
# Visual Studio Version 17
VisualStudioVersion = 17.0.31903.59
MinimumVisualStudioVersion = 10.0.40219.1
Project("{2150E333-8FDC-42A3-9474-1A3956D46DE8}") = "Health", "Health", "{759939CC-82AD-4AE7-853F-138D767EAF3E}"
EndProject
Project("{2150E333-8FDC-42A3-9474-1A3956D46DE8}") = "Security", "Security", "{EC7FA2CE-9720-4147-AF72-7CE3B2EE75F8}"
EndProject
Project("{2150E333-8FDC-42A3-9474-1A3956D46DE8}") = "Core", "Core", "{557A9A69-9A15-4F7C-95E7-B823A0AA4203}"
EndProject
Project("{2150E333-8FDC-42A3-9474-1A3956D46DE8}") = "src", "src", "{8655B9FE-72FE-4AD3-8A0F-CD11E9EF7387}"
EndProject
Project("{2150E333-8FDC-42A3-9474-1A3956D46DE8}") = "tests", "tests", "{47747A52-8B0B-4820-96CA-A66CA2A86DD7}"
EndProject
Project("{2150E333-8FDC-42A3-9474-1A3956D46DE8}") = "src", "src", "{CB197EB6-E7C2-4E78-B82B-9D07805FA6E5}"
EndProject
Project("{2150E333-8FDC-42A3-9474-1A3956D46DE8}") = "tests", "tests", "{A0C0336F-481D-4F53-8F2F-57A3B82F1BF5}"
EndProject
Project("{2150E333-8FDC-42A3-9474-1A3956D46DE8}") = "src", "src", "{9C4770C5-0294-420C-849F-BB9DFEB8B2FA}"
EndProject
Project("{2150E333-8FDC-42A3-9474-1A3956D46DE8}") = "tests", "tests", "{AD9D7295-2270-4164-B525-C6F3A3B99F8F}"
EndProject
Project("{9A19103F-16F7-4668-BE54-9A1E7A4F7556}") = "Health.Application", "Health\src\Health.Application\Health.Application.csproj", "{2E795CA3-DD0E-4FE2-A5BE-F4B7825A70BA}"
EndProject
Project("{9A19103F-16F7-4668-BE54-9A1E7A4F7556}") = "Health.Infra.CrossCutting.IoC", "Health\src\Health.Infra.CrossCutting.IoC\Health.Infra.CrossCutting.IoC.csproj", "{B23F9D06-2730-414F-83E9-FE40363CFBE3}"
EndProject
Project("{9A19103F-16F7-4668-BE54-9A1E7A4F7556}") = "Health.WebApi", "Health\src\Health.WebApi\Health.WebApi.csproj", "{F156E67C-ABA5-43E6-B659-4070932D74CA}"
EndProject
Project("{9A19103F-16F7-4668-BE54-9A1E7A4F7556}") = "Security.WebApi", "Security\src\Security.WebApi\Security.WebApi.csproj", "{846F8FAE-EEA3-402C-AA7C-A78640ED6346}"
EndProject
Project("{FAE04EC0-301F-11D3-BF4B-00C04F79EFBC}") = "Core.WebApi", "Core\src\Core.WebApi\Core.WebApi.csproj", "{42F28137-FA95-47ED-94FD-6842C83877AD}"
EndProject
Global
	GlobalSection(SolutionConfigurationPlatforms) = preSolution
		Debug|Any CPU = Debug|Any CPU
		Release|Any CPU = Release|Any CPU
	EndGlobalSection
	GlobalSection(ProjectConfigurationPlatforms) = postSolution
		{2E795CA3-DD0E-4FE2-A5BE-F4B7825A70BA}.Debug|Any CPU.ActiveCfg = Debug|Any CPU
		{2E795CA3-DD0E-4FE2-A5BE-F4B7825A70BA}.Debug|Any CPU.Build.0 = Debug|Any CPU
		{2E795CA3-DD0E-4FE2-A5BE-F4B7825A70BA}.Release|Any CPU.ActiveCfg = Release|Any CPU
		{2E795CA3-DD0E-4FE2-A5BE-F4B7825A70BA}.Release|Any CPU.Build.0 = Release|Any CPU
		{B23F9D06-2730-414F-83E9-FE40363CFBE3}.Debug|Any CPU.ActiveCfg = Debug|Any CPU
		{B23F9D06-2730-414F-83E9-FE40363CFBE3}.Debug|Any CPU.Build.0 = Debug|Any CPU
		{B23F9D06-2730-414F-83E9-FE40363CFBE3}.Release|Any CPU.ActiveCfg = Release|Any CPU
		{B23F9D06-2730-414F-83E9-FE40363CFBE3}.Release|Any CPU.Build.0 = Release|Any CPU
		{F156E67C-ABA5-43E6-B659-4070932D74CA}.Debug|Any CPU.ActiveCfg = Debug|Any CPU
		{F156E67C-ABA5-43E6-B659-4070932D74CA}.Debug|Any CPU.Build.0 = Debug|Any CPU
		{F156E67C-ABA5-43E6-B659-4070932D74CA}.Release|Any CPU.ActiveCfg = Release|Any CPU
		{F156E67C-ABA5-43E6-B659-4070932D74CA}.Release|Any CPU.Build.0 = Release|Any CPU
		{846F8FAE-EEA3-402C-AA7C-A78640ED6346}.Debug|Any CPU.ActiveCfg = Debug|Any CPU
		{846F8FAE-EEA3-402C-AA7C-A78640ED6346}.Debug|Any CPU.Build.0 = Debug|Any CPU
		{846F8FAE-EEA3-402C-AA7C-A78640ED6346}.Release|Any CPU.ActiveCfg = Release|Any CPU
		{846F8FAE-EEA3-402C-AA7C-A78640ED6346}.Release|Any CPU.Build.0 = Release|Any CPU
		{42F28137-FA95-47ED-94FD-6842C83877AD}.Debug|Any CPU.ActiveCfg = Debug|Any CPU
		{42F28137-FA95-47ED-94FD-6842C83877AD}.Debug|Any CPU.Build.0 = Debug|Any CPU
		{42F28137-FA95-47ED-94FD-6842C83877AD}.Release|Any CPU.ActiveCfg = Release|Any CPU
		{42F28137-FA95-47ED-94FD-6842C83877AD}.Release|Any CPU.Build.0 = Release|Any CPU
	EndGlobalSection
	GlobalSection(SolutionProperties) = preSolution
		HideSolutionNode = FALSE
	EndGlobalSection
	GlobalSection(NestedProjects) = preSolution
		{8655B9FE-72FE-4AD3-8A0F-CD11E9EF7387} = {557A9A69-9A15-4F7C-95E7-B823A0AA4203}
		{47747A52-8B0B-4820-96CA-A66CA2A86DD7} = {557A9A69-9A15-4F7C-95E7-B823A0AA4203}
		{CB197EB6-E7C2-4E78-B82B-9D07805FA6E5} = {759939CC-82AD-4AE7-853F-138D767EAF3E}
		{A0C0336F-481D-4F53-8F2F-57A3B82F1BF5} = {759939CC-82AD-4AE7-853F-138D767EAF3E}
		{9C4770C5-0294-420C-849F-BB9DFEB8B2FA} = {EC7FA2CE-9720-4147-AF72-7CE3B2EE75F8}
		{AD9D7295-2270-4164-B525-C6F3A3B99F8F} = {EC7FA2CE-9720-4147-AF72-7CE3B2EE75F8}
		{2E795CA3-DD0E-4FE2-A5BE-F4B7825A70BA} = {CB197EB6-E7C2-4E78-B82B-9D07805FA6E5}
		{B23F9D06-2730-414F-83E9-FE40363CFBE3} = {CB197EB6-E7C2-4E78-B82B-9D07805FA6E5}
		{F156E67C-ABA5-43E6-B659-4070932D74CA} = {CB197EB6-E7C2-4E78-B82B-9D07805FA6E5}
		{846F8FAE-EEA3-402C-AA7C-A78640ED6346} = {9C4770C5-0294-420C-849F-BB9DFEB8B2FA}
		{42F28137-FA95-47ED-94FD-6842C83877AD} = {8655B9FE-72FE-4AD3-8A0F-CD11E9EF7387}
	EndGlobalSection
EndGlobal
