
Microsoft Visual Studio Solution File, Format Version 12.00
# Visual Studio Version 17
VisualStudioVersion = 17.0.31903.59
MinimumVisualStudioVersion = 10.0.40219.1
Project("{2150E333-8FDC-42A3-9474-1A3956D46DE8}") = "src", "src", "{59520BF7-254F-43BB-8B55-B5569A52EE1B}"
EndProject
Project("{2150E333-8FDC-42A3-9474-1A3956D46DE8}") = "tests", "tests", "{5B652B44-150C-4807-ABD4-04CDBE069A85}"
EndProject
Project("{FAE04EC0-301F-11D3-BF4B-00C04F79EFBC}") = "Security.WebApi", "src\Security.WebApi\Security.WebApi.csproj", "{0AFA5E5B-9514-452F-9695-D0EA507546AB}"
EndProject
Global
	GlobalSection(SolutionConfigurationPlatforms) = preSolution
		Debug|Any CPU = Debug|Any CPU
		Release|Any CPU = Release|Any CPU
	EndGlobalSection
	GlobalSection(ProjectConfigurationPlatforms) = postSolution
		{0AFA5E5B-9514-452F-9695-D0EA507546AB}.Debug|Any CPU.ActiveCfg = Debug|Any CPU
		{0AFA5E5B-9514-452F-9695-D0EA507546AB}.Debug|Any CPU.Build.0 = Debug|Any CPU
		{0AFA5E5B-9514-452F-9695-D0EA507546AB}.Release|Any CPU.ActiveCfg = Release|Any CPU
		{0AFA5E5B-9514-452F-9695-D0EA507546AB}.Release|Any CPU.Build.0 = Release|Any CPU
	EndGlobalSection
	GlobalSection(SolutionProperties) = preSolution
		HideSolutionNode = FALSE
	EndGlobalSection
	GlobalSection(NestedProjects) = preSolution
		{0AFA5E5B-9514-452F-9695-D0EA507546AB} = {59520BF7-254F-43BB-8B55-B5569A52EE1B}
	EndGlobalSection
EndGlobal
